
Microsoft Visual Studio Solution File, Format Version 12.00
# Visual Studio Version 17
VisualStudioVersion = 17.12.35323.107
MinimumVisualStudioVersion = 10.0.40219.1
Project("{FAE04EC0-301F-11D3-BF4B-00C04F79EFBC}") = "IndexerOverloadApplication", "IndexerOverloadApplication\IndexerOverloadApplication.csproj", "{3BA981C1-92A1-4D22-BDC5-FEED79F1EDC4}"
EndProject
Global
	GlobalSection(SolutionConfigurationPlatforms) = preSolution
		Debug|Any CPU = Debug|Any CPU
		Release|Any CPU = Release|Any CPU
	EndGlobalSection
	GlobalSection(ProjectConfigurationPlatforms) = postSolution
		{3BA981C1-92A1-4D22-BDC5-FEED79F1EDC4}.Debug|Any CPU.ActiveCfg = Debug|Any CPU
		{3BA981C1-92A1-4D22-BDC5-FEED79F1EDC4}.Debug|Any CPU.Build.0 = Debug|Any CPU
		{3BA981C1-92A1-4D22-BDC5-FEED79F1EDC4}.Release|Any CPU.ActiveCfg = Release|Any CPU
		{3BA981C1-92A1-4D22-BDC5-FEED79F1EDC4}.Release|Any CPU.Build.0 = Release|Any CPU
	EndGlobalSection
	GlobalSection(SolutionProperties) = preSolution
		HideSolutionNode = FALSE
	EndGlobalSection
	GlobalSection(ExtensibilityGlobals) = postSolution
		SolutionGuid = {8E13AD68-6084-4E49-991A-6E752B2930E9}
	EndGlobalSection
EndGlobal
